
Microsoft Visual Studio Solution File, Format Version 12.00
# Visual Studio Version 17
VisualStudioVersion = 17.3.32929.385
MinimumVisualStudioVersion = 10.0.40219.1
Project("{FAE04EC0-301F-11D3-BF4B-00C04F79EFBC}") = "PruebaTecnica", "PruebaTecnica\PruebaTecnica.csproj", "{5900FE02-4689-474C-A2BB-51676C11579D}"
EndProject
Global
	GlobalSection(SolutionConfigurationPlatforms) = preSolution
		Debug|Any CPU = Debug|Any CPU
		Release|Any CPU = Release|Any CPU
	EndGlobalSection
	GlobalSection(ProjectConfigurationPlatforms) = postSolution
		{5900FE02-4689-474C-A2BB-51676C11579D}.Debug|Any CPU.ActiveCfg = Debug|Any CPU
		{5900FE02-4689-474C-A2BB-51676C11579D}.Debug|Any CPU.Build.0 = Debug|Any CPU
		{5900FE02-4689-474C-A2BB-51676C11579D}.Release|Any CPU.ActiveCfg = Release|Any CPU
		{5900FE02-4689-474C-A2BB-51676C11579D}.Release|Any CPU.Build.0 = Release|Any CPU
	EndGlobalSection
	GlobalSection(SolutionProperties) = preSolution
		HideSolutionNode = FALSE
	EndGlobalSection
	GlobalSection(ExtensibilityGlobals) = postSolution
		SolutionGuid = {D9204C1A-610B-42C1-B796-D21FCDCDA458}
	EndGlobalSection
EndGlobal
